<?xml version="1.0" encoding="utf-8"?>
<Project ToolsVersion="4.0" xmlns="http://schemas.microsoft.com/developer/msbuild/2003">
  <ItemGroup>
    <Filter Include="Engine"><UniqueIdentifier>{a1000000-0000-0000-0000-000000000001}</UniqueIdentifier></Filter>
    <Filter Include="Scenes"><UniqueIdentifier>{a1000000-0000-0000-0000-000000000002}</UniqueIdentifier></Filter>
    <Filter Include="Gameplay"><UniqueIdentifier>{a1000000-0000-0000-0000-000000000003}</UniqueIdentifier></Filter>
  </ItemGroup>
  <ItemGroup>
    <ClCompile Include="Main.cpp" />
    <ClCompile Include="Gameplay\BattleButton.cpp">
      <Filter>Gameplay</Filter>
    </ClCompile>
    <ClCompile Include="Scenes\BattleScene.cpp">
      <Filter>Scenes</Filter>
    </ClCompile>
    <ClCompile Include="Gameplay\BattleStatusBars.cpp">
      <Filter>Gameplay</Filter>
    </ClCompile>
    <ClCompile Include="Gameplay\BattleUI.cpp">
      <Filter>Gameplay</Filter>
    </ClCompile>
    <ClCompile Include="Gameplay\Battlefield.cpp">
      <Filter>Gameplay</Filter>
    </ClCompile>
    <ClCompile Include="Gameplay\CheatOverlay.cpp">
      <Filter>Gameplay</Filter>
    </ClCompile>
    <ClCompile Include="Gameplay\Cheats.cpp">
      <Filter>Gameplay</Filter>
    </ClCompile>
    <ClCompile Include="Engine\Direct3D.cpp">
      <Filter>Engine</Filter>
    </ClCompile>
    <ClCompile Include="Engine\DirectInput.cpp">
      <Filter>Engine</Filter>
    </ClCompile>
    <ClCompile Include="Scenes\EndingScene.cpp">
      <Filter>Scenes</Filter>
    </ClCompile>
    <ClCompile Include="Gameplay\Enemy.cpp">
      <Filter>Gameplay</Filter>
    </ClCompile>
    <ClCompile Include="Engine\Font.cpp">
      <Filter>Engine</Filter>
    </ClCompile>
    <ClCompile Include="Scenes\ForestScene.cpp">
      <Filter>Scenes</Filter>
    </ClCompile>
    <ClCompile Include="Gameplay\FrameBar.cpp">
      <Filter>Gameplay</Filter>
    </ClCompile>
    <ClCompile Include="Engine\FrameTimer.cpp">
      <Filter>Engine</Filter>
    </ClCompile>
    <ClCompile Include="Gameplay\GameContext.cpp">
      <Filter>Gameplay</Filter>
    </ClCompile>
    <ClCompile Include="Engine\GameObject.cpp">
      <Filter>Engine</Filter>
    </ClCompile>
    <ClCompile Include="Scenes\GameOverScene.cpp">
      <Filter>Scenes</Filter>
    </ClCompile>
    <ClCompile Include="Engine\GameScene.cpp">
      <Filter>Engine</Filter>
    </ClCompile>
    <ClCompile Include="Engine\GameStateManager.cpp">
      <Filter>Engine</Filter>
    </ClCompile>
    <ClCompile Include="Gameplay\Heart.cpp">
      <Filter>Gameplay</Filter>
    </ClCompile>
    <ClCompile Include="Engine\InputManager.cpp">
      <Filter>Engine</Filter>
    </ClCompile>
    <ClCompile Include="Gameplay\Inventory.cpp">
      <Filter>Gameplay</Filter>
    </ClCompile>
    <ClCompile Include="Gameplay\Item.cpp">
      <Filter>Gameplay</Filter>
    </ClCompile>
    <ClCompile Include="Engine\Line.cpp">
      <Filter>Engine</Filter>
    </ClCompile>
    <ClCompile Include="Gameplay\MainMenu.cpp">
      <Filter>Gameplay</Filter>
    </ClCompile>
    <ClCompile Include="Scenes\MainMenuScene.cpp">
      <Filter>Scenes</Filter>
    </ClCompile>
    <ClCompile Include="Gameplay\MapLibrary.cpp">
      <Filter>Gameplay</Filter>
    </ClCompile>
    <ClCompile Include="Scenes\MazeScene.cpp">
      <Filter>Scenes</Filter>
    </ClCompile>
    <ClCompile Include="Scenes\MenuSelectScene.cpp">
      <Filter>Scenes</Filter>
    </ClCompile>
    <ClCompile Include="Scenes\OverworldScene.cpp">
      <Filter>Scenes</Filter>
    </ClCompile>
    <ClCompile Include="Engine\PhysicsManager.cpp">
      <Filter>Engine</Filter>
    </ClCompile>
    <ClCompile Include="Gameplay\Pochi.cpp">
      <Filter>Gameplay</Filter>
    </ClCompile>
    <ClCompile Include="Gameplay\PochiBadge.cpp">
      <Filter>Gameplay</Filter>
    </ClCompile>
    <ClCompile Include="Gameplay\Projectile.cpp">
      <Filter>Gameplay</Filter>
    </ClCompile>
    <ClCompile Include="Engine\RigidBody.cpp">
      <Filter>Engine</Filter>
    </ClCompile>
    <ClCompile Include="Scenes\RuinsExteriorScene.cpp">
      <Filter>Scenes</Filter>
    </ClCompile>
    <ClCompile Include="Scenes\RuinsInteriorScene.cpp">
      <Filter>Scenes</Filter>
    </ClCompile>
    <ClCompile Include="Gameplay\SaveGame.cpp">
      <Filter>Gameplay</Filter>
    </ClCompile>
    <ClCompile Include="Scenes\SettingsScene.cpp">
      <Filter>Scenes</Filter>
    </ClCompile>
    <ClCompile Include="Engine\SoundManager.cpp">
      <Filter>Engine</Filter>
    </ClCompile>
    <ClCompile Include="Engine\Sprite.cpp">
      <Filter>Engine</Filter>
    </ClCompile>
    <ClCompile Include="Scenes\TarumtScene.cpp">
      <Filter>Scenes</Filter>
    </ClCompile>
    <ClCompile Include="Gameplay\TileMap.cpp">
      <Filter>Gameplay</Filter>
    </ClCompile>
    <ClCompile Include="Scenes\TutorialPopupScene.cpp">
      <Filter>Scenes</Filter>
    </ClCompile>
    <ClCompile Include="Gameplay\UiFill.cpp">
      <Filter>Gameplay</Filter>
    </ClCompile>
    <ClCompile Include="Scenes\UnifiedMenu.cpp">
      <Filter>Scenes</Filter>
    </ClCompile>
    <ClCompile Include="Engine\Window.cpp">
      <Filter>Engine</Filter>
    </ClCompile>
  </ItemGroup>
  <ItemGroup>
    <ClInclude Include="Engine\AABB.h">
      <Filter>Engine</Filter>
    </ClInclude>
    <ClInclude Include="Gameplay\BattleButton.h">
      <Filter>Gameplay</Filter>
    </ClInclude>
    <ClInclude Include="Scenes\BattleScene.h">
      <Filter>Scenes</Filter>
    </ClInclude>
    <ClInclude Include="Gameplay\BattleStatusBars.h">
      <Filter>Gameplay</Filter>
    </ClInclude>
    <ClInclude Include="Gameplay\BattleUI.h">
      <Filter>Gameplay</Filter>
    </ClInclude>
    <ClInclude Include="Gameplay\Battlefield.h">
      <Filter>Gameplay</Filter>
    </ClInclude>
    <ClInclude Include="Gameplay\CheatOverlay.h">
      <Filter>Gameplay</Filter>
    </ClInclude>
    <ClInclude Include="Gameplay\Cheats.h">
      <Filter>Gameplay</Filter>
    </ClInclude>
    <ClInclude Include="Engine\Direct3D.h">
      <Filter>Engine</Filter>
    </ClInclude>
    <ClInclude Include="Engine\DirectInput.h">
      <Filter>Engine</Filter>
    </ClInclude>
    <ClInclude Include="Scenes\EndingScene.h">
      <Filter>Scenes</Filter>
    </ClInclude>
    <ClInclude Include="Gameplay\Enemy.h">
      <Filter>Gameplay</Filter>
    </ClInclude>
    <ClInclude Include="Engine\Font.h">
      <Filter>Engine</Filter>
    </ClInclude>
    <ClInclude Include="Scenes\ForestScene.h">
      <Filter>Scenes</Filter>
    </ClInclude>
    <ClInclude Include="Gameplay\FrameBar.h">
      <Filter>Gameplay</Filter>
    </ClInclude>
    <ClInclude Include="Engine\FrameTimer.h">
      <Filter>Engine</Filter>
    </ClInclude>
    <ClInclude Include="Gameplay\GameContext.h">
      <Filter>Gameplay</Filter>
    </ClInclude>
    <ClInclude Include="Engine\GameObject.h">
      <Filter>Engine</Filter>
    </ClInclude>
    <ClInclude Include="Scenes\GameOverScene.h">
      <Filter>Scenes</Filter>
    </ClInclude>
    <ClInclude Include="Engine\GameScene.h">
      <Filter>Engine</Filter>
    </ClInclude>
    <ClInclude Include="Engine\GameStateManager.h">
      <Filter>Engine</Filter>
    </ClInclude>
    <ClInclude Include="Gameplay\Heart.h">
      <Filter>Gameplay</Filter>
    </ClInclude>
    <ClInclude Include="Engine\InputManager.h">
      <Filter>Engine</Filter>
    </ClInclude>
    <ClInclude Include="Gameplay\Inventory.h">
      <Filter>Gameplay</Filter>
    </ClInclude>
    <ClInclude Include="Gameplay\Item.h">
      <Filter>Gameplay</Filter>
    </ClInclude>
    <ClInclude Include="Engine\Line.h">
      <Filter>Engine</Filter>
    </ClInclude>
    <ClInclude Include="Gameplay\MainMenu.h">
      <Filter>Gameplay</Filter>
    </ClInclude>
    <ClInclude Include="Scenes\MainMenuScene.h">
      <Filter>Scenes</Filter>
    </ClInclude>
    <ClInclude Include="Gameplay\MapLibrary.h">
      <Filter>Gameplay</Filter>
    </ClInclude>
    <ClInclude Include="Scenes\MazeScene.h">
      <Filter>Scenes</Filter>
    </ClInclude>
    <ClInclude Include="Scenes\MenuSelectScene.h">
      <Filter>Scenes</Filter>
    </ClInclude>
    <ClInclude Include="Scenes\OverworldScene.h">
      <Filter>Scenes</Filter>
    </ClInclude>
    <ClInclude Include="Engine\PhysicsManager.h">
      <Filter>Engine</Filter>
    </ClInclude>
    <ClInclude Include="Gameplay\Pochi.h">
      <Filter>Gameplay</Filter>
    </ClInclude>
    <ClInclude Include="Gameplay\PochiBadge.h">
      <Filter>Gameplay</Filter>
    </ClInclude>
    <ClInclude Include="Gameplay\Projectile.h">
      <Filter>Gameplay</Filter>
    </ClInclude>
    <ClInclude Include="Engine\RigidBody.h">
      <Filter>Engine</Filter>
    </ClInclude>
    <ClInclude Include="Scenes\RuinsExteriorScene.h">
      <Filter>Scenes</Filter>
    </ClInclude>
    <ClInclude Include="Scenes\RuinsInteriorScene.h">
      <Filter>Scenes</Filter>
    </ClInclude>
    <ClInclude Include="Gameplay\SaveGame.h">
      <Filter>Gameplay</Filter>
    </ClInclude>
    <ClInclude Include="Scenes\SettingsScene.h">
      <Filter>Scenes</Filter>
    </ClInclude>
    <ClInclude Include="Engine\SoundManager.h">
      <Filter>Engine</Filter>
    </ClInclude>
    <ClInclude Include="Engine\Sprite.h">
      <Filter>Engine</Filter>
    </ClInclude>
    <ClInclude Include="Scenes\TarumtScene.h">
      <Filter>Scenes</Filter>
    </ClInclude>
    <ClInclude Include="Gameplay\TileMap.h">
      <Filter>Gameplay</Filter>
    </ClInclude>
    <ClInclude Include="Scenes\TutorialPopupScene.h">
      <Filter>Scenes</Filter>
    </ClInclude>
    <ClInclude Include="Gameplay\UiFill.h">
      <Filter>Gameplay</Filter>
    </ClInclude>
    <ClInclude Include="Scenes\UnifiedMenu.h">
      <Filter>Scenes</Filter>
    </ClInclude>
    <ClInclude Include="Engine\Window.h">
      <Filter>Engine</Filter>
    </ClInclude>
  </ItemGroup>
  <ItemGroup>
    <None Include="fmod.dll" />
    <None Include="fmodL.dll" />
  </ItemGroup>
  <ItemGroup>
    <Library Include="fmod_vc.lib" />
  </ItemGroup>
</Project>
